{
  "name": "@maess-systems/memory-cli",
  "version": "0.1.11",
  "lockfileVersion": 3,
  "requires": true,
  "packages": {
    "": {
      "name": "@maess-systems/memory-cli",
      "version": "0.1.11",
      "license": "MIT",
      "dependencies": {
        "@maess-systems/memory-cli": "^0.1.11"
      },
      "bin": {
        "maess-memory": "bin/index.js"
      },
      "engines": {
        "node": ">=18"
      }
    },
    "node_modules/@maess-systems/memory-cli": {
      "version": "0.1.11",
      "resolved": "https://registry.npmjs.org/@maess-systems/memory-cli/-/memory-cli-0.1.11.tgz",
      "integrity": "sha512-fYqvnvOMdQn3T3QueQ+e7h1ArijzQuCmRkjN6L2zWhElN7yfUKPIfXJu6j6/J8OFK/K8gPox0ArnBgmO8oeTEA==",
      "license": "MIT",
      "bin": {
        "maess-memory": "bin/index.js"
      },
      "engines": {
        "node": ">=18"
      }
    }
  }
}
