{
  "name": "@maess-systems/memory-cli",
  "version": "0.1.13",
  "lockfileVersion": 3,
  "requires": true,
  "packages": {
    "": {
      "name": "@maess-systems/memory-cli",
      "version": "0.1.13",
      "license": "MIT",
      "bin": {
        "maess": "bin/index.js",
        "maess-memory": "bin/index.js"
      },
      "engines": {
        "node": ">=18"
      }
    }
  }
}
